
Microsoft Visual Studio Solution File, Format Version 12.00
# Visual Studio 15
VisualStudioVersion = 15.0.26606.0
MinimumVisualStudioVersion = 10.0.40219.1
Project("{9A19103F-16F7-4668-BE54-9A1E7A4F7556}") = "GxBootloader", "GxBootloader\GxBootloader.csproj", "{01B5316D-0613-4715-8EEB-84C2519CEE1F}"
EndProject
Project("{FAE04EC0-301F-11D3-BF4B-00C04F79EFBC}") = "FlashTool", "FlashTool\FlashTool.csproj", "{C494FD6E-FD35-4778-88AA-CF3572A7291E}"
EndProject
Project("{FAE04EC0-301F-11D3-BF4B-00C04F79EFBC}") = "BinEncrypt", "BinEncrypt\BinEncrypt.csproj", "{BE67223C-76F0-43C5-8B8F-124265E933B0}"
EndProject
Project("{FAE04EC0-301F-11D3-BF4B-00C04F79EFBC}") = "IdpProtocol", "..\..\..\..\Shared\IdpProtocol\src\cs\IdpProtocol\IdpProtocol.csproj", "{00F2F47C-F6E8-4FF3-8463-A25D9FDE162F}"
EndProject
Global
	GlobalSection(SolutionConfigurationPlatforms) = preSolution
		Debug|Any CPU = Debug|Any CPU
		Release|Any CPU = Release|Any CPU
	EndGlobalSection
	GlobalSection(ProjectConfigurationPlatforms) = postSolution
		{01B5316D-0613-4715-8EEB-84C2519CEE1F}.Debug|Any CPU.ActiveCfg = Debug|Any CPU
		{01B5316D-0613-4715-8EEB-84C2519CEE1F}.Debug|Any CPU.Build.0 = Debug|Any CPU
		{01B5316D-0613-4715-8EEB-84C2519CEE1F}.Release|Any CPU.ActiveCfg = Release|Any CPU
		{01B5316D-0613-4715-8EEB-84C2519CEE1F}.Release|Any CPU.Build.0 = Release|Any CPU
		{C494FD6E-FD35-4778-88AA-CF3572A7291E}.Debug|Any CPU.ActiveCfg = Debug|Any CPU
		{C494FD6E-FD35-4778-88AA-CF3572A7291E}.Debug|Any CPU.Build.0 = Debug|Any CPU
		{C494FD6E-FD35-4778-88AA-CF3572A7291E}.Release|Any CPU.ActiveCfg = Release|Any CPU
		{C494FD6E-FD35-4778-88AA-CF3572A7291E}.Release|Any CPU.Build.0 = Release|Any CPU
		{9E8F1D50-74EA-4C60-BD5C-AB2C5B53BC66}.Debug|Any CPU.ActiveCfg = Debug|Any CPU
		{9E8F1D50-74EA-4C60-BD5C-AB2C5B53BC66}.Debug|Any CPU.Build.0 = Debug|Any CPU
		{9E8F1D50-74EA-4C60-BD5C-AB2C5B53BC66}.Release|Any CPU.ActiveCfg = Release|Any CPU
		{9E8F1D50-74EA-4C60-BD5C-AB2C5B53BC66}.Release|Any CPU.Build.0 = Release|Any CPU
		{29D0A29F-F84D-4D5D-B988-F1A39F50A27D}.Debug|Any CPU.ActiveCfg = Debug|Any CPU
		{29D0A29F-F84D-4D5D-B988-F1A39F50A27D}.Debug|Any CPU.Build.0 = Debug|Any CPU
		{29D0A29F-F84D-4D5D-B988-F1A39F50A27D}.Release|Any CPU.ActiveCfg = Release|Any CPU
		{29D0A29F-F84D-4D5D-B988-F1A39F50A27D}.Release|Any CPU.Build.0 = Release|Any CPU
		{BE67223C-76F0-43C5-8B8F-124265E933B0}.Debug|Any CPU.ActiveCfg = Debug|Any CPU
		{BE67223C-76F0-43C5-8B8F-124265E933B0}.Debug|Any CPU.Build.0 = Debug|Any CPU
		{BE67223C-76F0-43C5-8B8F-124265E933B0}.Release|Any CPU.ActiveCfg = Release|Any CPU
		{BE67223C-76F0-43C5-8B8F-124265E933B0}.Release|Any CPU.Build.0 = Release|Any CPU
		{00F2F47C-F6E8-4FF3-8463-A25D9FDE162F}.Debug|Any CPU.ActiveCfg = Debug|Any CPU
		{00F2F47C-F6E8-4FF3-8463-A25D9FDE162F}.Debug|Any CPU.Build.0 = Debug|Any CPU
		{00F2F47C-F6E8-4FF3-8463-A25D9FDE162F}.Release|Any CPU.ActiveCfg = Release|Any CPU
		{00F2F47C-F6E8-4FF3-8463-A25D9FDE162F}.Release|Any CPU.Build.0 = Release|Any CPU
	EndGlobalSection
	GlobalSection(SolutionProperties) = preSolution
		HideSolutionNode = FALSE
	EndGlobalSection
EndGlobal
